
Microsoft Visual Studio Solution File, Format Version 12.00
# Visual Studio 15
Project("{FAE04EC0-301F-11D3-BF4B-00C04F79EFBC}") = "EntityFramework.Droid", "EntityFramework.Droid\EntityFramework.Droid.csproj", "{8E4632F5-F42F-478C-BE5B-088C4CD02130}"
EndProject
Project("{FAE04EC0-301F-11D3-BF4B-00C04F79EFBC}") = "Common", "Common\Common.csproj", "{738372A6-D2F4-4FC8-9F09-2FC334955799}"
EndProject
Project("{FAE04EC0-301F-11D3-BF4B-00C04F79EFBC}") = "EF.Common", "EF.Common\EF.Common.csproj", "{08FDAD15-0EC6-4131-80F7-0F182B968498}"
EndProject
Project("{FAE04EC0-301F-11D3-BF4B-00C04F79EFBC}") = "EF.Common.Test", "EF.Common.Test\EF.Common.Test.csproj", "{E62A3577-7E84-43F7-8442-6A9F954B332B}"
EndProject
Project("{FAE04EC0-301F-11D3-BF4B-00C04F79EFBC}") = "SqLitePcl.Common", "SqLitePcl.Common\SqLitePcl.Common.csproj", "{C5CF9A2A-771C-4E6F-BCF1-80C404CB1D74}"
EndProject
Project("{FAE04EC0-301F-11D3-BF4B-00C04F79EFBC}") = "SqLitePcl.Common.Test", "SqLitePcl.Common.Test\SqLitePcl.Common.Test.csproj", "{5B56417D-F6BF-41F1-BB15-8B262149B80B}"
EndProject
Global
	GlobalSection(SolutionConfigurationPlatforms) = preSolution
		Debug|Any CPU = Debug|Any CPU
		Release|Any CPU = Release|Any CPU
	EndGlobalSection
	GlobalSection(ProjectConfigurationPlatforms) = postSolution
		{8E4632F5-F42F-478C-BE5B-088C4CD02130}.Debug|Any CPU.ActiveCfg = Debug|Any CPU
		{8E4632F5-F42F-478C-BE5B-088C4CD02130}.Debug|Any CPU.Build.0 = Debug|Any CPU
		{8E4632F5-F42F-478C-BE5B-088C4CD02130}.Release|Any CPU.ActiveCfg = Release|Any CPU
		{8E4632F5-F42F-478C-BE5B-088C4CD02130}.Release|Any CPU.Build.0 = Release|Any CPU
		{738372A6-D2F4-4FC8-9F09-2FC334955799}.Debug|Any CPU.ActiveCfg = Debug|Any CPU
		{738372A6-D2F4-4FC8-9F09-2FC334955799}.Debug|Any CPU.Build.0 = Debug|Any CPU
		{738372A6-D2F4-4FC8-9F09-2FC334955799}.Release|Any CPU.ActiveCfg = Release|Any CPU
		{738372A6-D2F4-4FC8-9F09-2FC334955799}.Release|Any CPU.Build.0 = Release|Any CPU
		{08FDAD15-0EC6-4131-80F7-0F182B968498}.Debug|Any CPU.ActiveCfg = Debug|Any CPU
		{08FDAD15-0EC6-4131-80F7-0F182B968498}.Debug|Any CPU.Build.0 = Debug|Any CPU
		{08FDAD15-0EC6-4131-80F7-0F182B968498}.Release|Any CPU.ActiveCfg = Release|Any CPU
		{08FDAD15-0EC6-4131-80F7-0F182B968498}.Release|Any CPU.Build.0 = Release|Any CPU
		{E62A3577-7E84-43F7-8442-6A9F954B332B}.Debug|Any CPU.ActiveCfg = Debug|Any CPU
		{E62A3577-7E84-43F7-8442-6A9F954B332B}.Debug|Any CPU.Build.0 = Debug|Any CPU
		{E62A3577-7E84-43F7-8442-6A9F954B332B}.Release|Any CPU.ActiveCfg = Release|Any CPU
		{E62A3577-7E84-43F7-8442-6A9F954B332B}.Release|Any CPU.Build.0 = Release|Any CPU
		{C5CF9A2A-771C-4E6F-BCF1-80C404CB1D74}.Debug|Any CPU.ActiveCfg = Debug|Any CPU
		{C5CF9A2A-771C-4E6F-BCF1-80C404CB1D74}.Debug|Any CPU.Build.0 = Debug|Any CPU
		{C5CF9A2A-771C-4E6F-BCF1-80C404CB1D74}.Release|Any CPU.ActiveCfg = Release|Any CPU
		{C5CF9A2A-771C-4E6F-BCF1-80C404CB1D74}.Release|Any CPU.Build.0 = Release|Any CPU
		{5B56417D-F6BF-41F1-BB15-8B262149B80B}.Debug|Any CPU.ActiveCfg = Debug|Any CPU
		{5B56417D-F6BF-41F1-BB15-8B262149B80B}.Debug|Any CPU.Build.0 = Debug|Any CPU
		{5B56417D-F6BF-41F1-BB15-8B262149B80B}.Release|Any CPU.ActiveCfg = Release|Any CPU
		{5B56417D-F6BF-41F1-BB15-8B262149B80B}.Release|Any CPU.Build.0 = Release|Any CPU
	EndGlobalSection
EndGlobal
